
Microsoft Visual Studio Solution File, Format Version 12.00
# Visual Studio Version 16
VisualStudioVersion = 16.0.29926.136
MinimumVisualStudioVersion = 10.0.40219.1
Project("{FAE04EC0-301F-11D3-BF4B-00C04F79EFBC}") = "TodoApi", "TodoApi\TodoApi.csproj", "{F6CBB560-A6C0-45AD-AEEF-F4C74164F3BF}"
EndProject
Global
	GlobalSection(SolutionConfigurationPlatforms) = preSolution
		Debug|Any CPU = Debug|Any CPU
		Release|Any CPU = Release|Any CPU
	EndGlobalSection
	GlobalSection(ProjectConfigurationPlatforms) = postSolution
		{F6CBB560-A6C0-45AD-AEEF-F4C74164F3BF}.Debug|Any CPU.ActiveCfg = Debug|Any CPU
		{F6CBB560-A6C0-45AD-AEEF-F4C74164F3BF}.Debug|Any CPU.Build.0 = Debug|Any CPU
		{F6CBB560-A6C0-45AD-AEEF-F4C74164F3BF}.Release|Any CPU.ActiveCfg = Release|Any CPU
		{F6CBB560-A6C0-45AD-AEEF-F4C74164F3BF}.Release|Any CPU.Build.0 = Release|Any CPU
	EndGlobalSection
	GlobalSection(SolutionProperties) = preSolution
		HideSolutionNode = FALSE
	EndGlobalSection
	GlobalSection(ExtensibilityGlobals) = postSolution
		SolutionGuid = {F2AB6949-3C93-4570-8FD5-863FBDA3E154}
	EndGlobalSection
EndGlobal
